// !$*UTF8*$!
{
	archiveVersion = 1;
	classes = {
	};
	objectVersion = 56;
	objects = {

/* Begin PBXBuildFile section */
		221922832B7FE23A007B0F41 /* AppDelegate.swift in Sources */ = {isa = PBXBuildFile; fileRef = 221922822B7FE23A007B0F41 /* AppDelegate.swift */; };
		221922852B7FE23A007B0F41 /* SceneDelegate.swift in Sources */ = {isa = PBXBuildFile; fileRef = 221922842B7FE23A007B0F41 /* SceneDelegate.swift */; };
		221922872B7FE23A007B0F41 /* GreetingViewController.swift in Sources */ = {isa = PBXBuildFile; fileRef = 221922862B7FE23A007B0F41 /* GreetingViewController.swift */; };
		2219228A2B7FE23A007B0F41 /* Main.storyboard in Resources */ = {isa = PBXBuildFile; fileRef = 221922882B7FE23A007B0F41 /* Main.storyboard */; };
		2219228C2B7FE23D007B0F41 /* Assets.xcassets in Resources */ = {isa = PBXBuildFile; fileRef = 2219228B2B7FE23D007B0F41 /* Assets.xcassets */; };
		2219228F2B7FE23D007B0F41 /* LaunchScreen.storyboard in Resources */ = {isa = PBXBuildFile; fileRef = 2219228D2B7FE23D007B0F41 /* LaunchScreen.storyboard */; };
		2219229B2B80F918007B0F41 /* Person.swift in Sources */ = {isa = PBXBuildFile; fileRef = 2219229A2B80F918007B0F41 /* Person.swift */; };
		2278A7242BA3370D003BD54D /* GreetingPresenter.swift in Sources */ = {isa = PBXBuildFile; fileRef = 2278A7232BA3370D003BD54D /* GreetingPresenter.swift */; };
		2278A7262BA33721003BD54D /* GreetingInteractor.swift in Sources */ = {isa = PBXBuildFile; fileRef = 2278A7252BA33721003BD54D /* GreetingInteractor.swift */; };
		2278A7282BA33746003BD54D /* GreetingConfigurator.swift in Sources */ = {isa = PBXBuildFile; fileRef = 2278A7272BA33746003BD54D /* GreetingConfigurator.swift */; };
/* End PBXBuildFile section */

/* Begin PBXFileReference section */
		2219227F2B7FE23A007B0F41 /* MyGreetingApp.app */ = {isa = PBXFileReference; explicitFileType = wrapper.application; includeInIndex = 0; path = MyGreetingApp.app; sourceTree = BUILT_PRODUCTS_DIR; };
		221922822B7FE23A007B0F41 /* AppDelegate.swift */ = {isa = PBXFileReference; lastKnownFileType = sourcecode.swift; path = AppDelegate.swift; sourceTree = "<group>"; };
		221922842B7FE23A007B0F41 /* SceneDelegate.swift */ = {isa = PBXFileReference; lastKnownFileType = sourcecode.swift; path = SceneDelegate.swift; sourceTree = "<group>"; };
		221922862B7FE23A007B0F41 /* GreetingViewController.swift */ = {isa = PBXFileReference; lastKnownFileType = sourcecode.swift; path = GreetingViewController.swift; sourceTree = "<group>"; };
		221922892B7FE23A007B0F41 /* Base */ = {isa = PBXFileReference; lastKnownFileType = file.storyboard; name = Base; path = Base.lproj/Main.storyboard; sourceTree = "<group>"; };
		2219228B2B7FE23D007B0F41 /* Assets.xcassets */ = {isa = PBXFileReference; lastKnownFileType = folder.assetcatalog; path = Assets.xcassets; sourceTree = "<group>"; };
		2219228E2B7FE23D007B0F41 /* Base */ = {isa = PBXFileReference; lastKnownFileType = file.storyboard; name = Base; path = Base.lproj/LaunchScreen.storyboard; sourceTree = "<group>"; };
		221922902B7FE23D007B0F41 /* Info.plist */ = {isa = PBXFileReference; lastKnownFileType = text.plist.xml; path = Info.plist; sourceTree = "<group>"; };
		2219229A2B80F918007B0F41 /* Person.swift */ = {isa = PBXFileReference; lastKnownFileType = sourcecode.swift; path = Person.swift; sourceTree = "<group>"; };
		2278A7232BA3370D003BD54D /* GreetingPresenter.swift */ = {isa = PBXFileReference; lastKnownFileType = sourcecode.swift; path = GreetingPresenter.swift; sourceTree = "<group>"; };
		2278A7252BA33721003BD54D /* GreetingInteractor.swift */ = {isa = PBXFileReference; lastKnownFileType = sourcecode.swift; path = GreetingInteractor.swift; sourceTree = "<group>"; };
		2278A7272BA33746003BD54D /* GreetingConfigurator.swift */ = {isa = PBXFileReference; lastKnownFileType = sourcecode.swift; path = GreetingConfigurator.swift; sourceTree = "<group>"; };
/* End PBXFileReference section */

/* Begin PBXFrameworksBuildPhase section */
		2219227C2B7FE23A007B0F41 /* Frameworks */ = {
			isa = PBXFrameworksBuildPhase;
			buildActionMask = 2147483647;
			files = (
			);
			runOnlyForDeploymentPostprocessing = 0;
		};
/* End PBXFrameworksBuildPhase section */

/* Begin PBXGroup section */
		221922762B7FE23A007B0F41 = {
			isa = PBXGroup;
			children = (
				221922812B7FE23A007B0F41 /* MyGreetingApp */,
				221922802B7FE23A007B0F41 /* Products */,
			);
			sourceTree = "<group>";
		};
		221922802B7FE23A007B0F41 /* Products */ = {
			isa = PBXGroup;
			children = (
				2219227F2B7FE23A007B0F41 /* MyGreetingApp.app */,
			);
			name = Products;
			sourceTree = "<group>";
		};
		221922812B7FE23A007B0F41 /* MyGreetingApp */ = {
			isa = PBXGroup;
			children = (
				2278A7222BA336D9003BD54D /* Greeting */,
				221922822B7FE23A007B0F41 /* AppDelegate.swift */,
				221922842B7FE23A007B0F41 /* SceneDelegate.swift */,
				2219229A2B80F918007B0F41 /* Person.swift */,
				221922882B7FE23A007B0F41 /* Main.storyboard */,
				2219228B2B7FE23D007B0F41 /* Assets.xcassets */,
				2219228D2B7FE23D007B0F41 /* LaunchScreen.storyboard */,
				221922902B7FE23D007B0F41 /* Info.plist */,
			);
			path = MyGreetingApp;
			sourceTree = "<group>";
		};
		2278A7222BA336D9003BD54D /* Greeting */ = {
			isa = PBXGroup;
			children = (
				221922862B7FE23A007B0F41 /* GreetingViewController.swift */,
				2278A7232BA3370D003BD54D /* GreetingPresenter.swift */,
				2278A7252BA33721003BD54D /* GreetingInteractor.swift */,
				2278A7272BA33746003BD54D /* GreetingConfigurator.swift */,
			);
			path = Greeting;
			sourceTree = "<group>";
		};
/* End PBXGroup section */

/* Begin PBXNativeTarget section */
		2219227E2B7FE23A007B0F41 /* MyGreetingApp */ = {
			isa = PBXNativeTarget;
			buildConfigurationList = 221922932B7FE23D007B0F41 /* Build configuration list for PBXNativeTarget "MyGreetingApp" */;
			buildPhases = (
				2219227B2B7FE23A007B0F41 /* Sources */,
				2219227C2B7FE23A007B0F41 /* Frameworks */,
				2219227D2B7FE23A007B0F41 /* Resources */,
			);
			buildRules = (
			);
			dependencies = (
			);
			name = MyGreetingApp;
			productName = MyGreetingApp;
			productReference = 2219227F2B7FE23A007B0F41 /* MyGreetingApp.app */;
			productType = "com.apple.product-type.application";
		};
/* End PBXNativeTarget section */

/* Begin PBXProject section */
		221922772B7FE23A007B0F41 /* Project object */ = {
			isa = PBXProject;
			attributes = {
				BuildIndependentTargetsInParallel = 1;
				LastSwiftUpdateCheck = 1430;
				LastUpgradeCheck = 1430;
				TargetAttributes = {
					2219227E2B7FE23A007B0F41 = {
						CreatedOnToolsVersion = 14.3;
					};
				};
			};
			buildConfigurationList = 2219227A2B7FE23A007B0F41 /* Build configuration list for PBXProject "MyGreetingApp" */;
			compatibilityVersion = "Xcode 14.0";
			developmentRegion = en;
			hasScannedForEncodings = 0;
			knownRegions = (
				en,
				Base,
			);
			mainGroup = 221922762B7FE23A007B0F41;
			productRefGroup = 221922802B7FE23A007B0F41 /* Products */;
			projectDirPath = "";
			projectRoot = "";
			targets = (
				2219227E2B7FE23A007B0F41 /* MyGreetingApp */,
			);
		};
/* End PBXProject section */

/* Begin PBXResourcesBuildPhase section */
		2219227D2B7FE23A007B0F41 /* Resources */ = {
			isa = PBXResourcesBuildPhase;
			buildActionMask = 2147483647;
			files = (
				2219228F2B7FE23D007B0F41 /* LaunchScreen.storyboard in Resources */,
				2219228C2B7FE23D007B0F41 /* Assets.xcassets in Resources */,
				2219228A2B7FE23A007B0F41 /* Main.storyboard in Resources */,
			);
			runOnlyForDeploymentPostprocessing = 0;
		};
/* End PBXResourcesBuildPhase section */

/* Begin PBXSourcesBuildPhase section */
		2219227B2B7FE23A007B0F41 /* Sources */ = {
			isa = PBXSourcesBuildPhase;
			buildActionMask = 2147483647;
			files = (
				221922872B7FE23A007B0F41 /* GreetingViewController.swift in Sources */,
				2278A7262BA33721003BD54D /* GreetingInteractor.swift in Sources */,
				2278A7282BA33746003BD54D /* GreetingConfigurator.swift in Sources */,
				2278A7242BA3370D003BD54D /* GreetingPresenter.swift in Sources */,
				221922832B7FE23A007B0F41 /* AppDelegate.swift in Sources */,
				2219229B2B80F918007B0F41 /* Person.swift in Sources */,
				221922852B7FE23A007B0F41 /* SceneDelegate.swift in Sources */,
			);
			runOnlyForDeploymentPostprocessing = 0;
		};
/* End PBXSourcesBuildPhase section */

/* Begin PBXVariantGroup section */
		221922882B7FE23A007B0F41 /* Main.storyboard */ = {
			isa = PBXVariantGroup;
			children = (
				221922892B7FE23A007B0F41 /* Base */,
			);
			name = Main.storyboard;
			sourceTree = "<group>";
		};
		2219228D2B7FE23D007B0F41 /* LaunchScreen.storyboard */ = {
			isa = PBXVariantGroup;
			children = (
				2219228E2B7FE23D007B0F41 /* Base */,
			);
			name = LaunchScreen.storyboard;
			sourceTree = "<group>";
		};
/* End PBXVariantGroup section */

/* Begin XCBuildConfiguration section */
		221922912B7FE23D007B0F41 /* Debug */ = {
			isa = XCBuildConfiguration;
			buildSettings = {
				ALWAYS_SEARCH_USER_PATHS = NO;
				CLANG_ANALYZER_NONNULL = YES;
				CLANG_ANALYZER_NUMBER_OBJECT_CONVERSION = YES_AGGRESSIVE;
				CLANG_CXX_LANGUAGE_STANDARD = "gnu++20";
				CLANG_ENABLE_MODULES = YES;
				CLANG_ENABLE_OBJC_ARC = YES;
				CLANG_ENABLE_OBJC_WEAK = YES;
				CLANG_WARN_BLOCK_CAPTURE_AUTORELEASING = YES;
				CLANG_WARN_BOOL_CONVERSION = YES;
				CLANG_WARN_COMMA = YES;
				CLANG_WARN_CONSTANT_CONVERSION = YES;
				CLANG_WARN_DEPRECATED_OBJC_IMPLEMENTATIONS = YES;
				CLANG_WARN_DIRECT_OBJC_ISA_USAGE = YES_ERROR;
				CLANG_WARN_DOCUMENTATION_COMMENTS = YES;
				CLANG_WARN_EMPTY_BODY = YES;
				CLANG_WARN_ENUM_CONVERSION = YES;
				CLANG_WARN_INFINITE_RECURSION = YES;
				CLANG_WARN_INT_CONVERSION = YES;
				CLANG_WARN_NON_LITERAL_NULL_CONVERSION = YES;
				CLANG_WARN_OBJC_IMPLICIT_RETAIN_SELF = YES;
				CLANG_WARN_OBJC_LITERAL_CONVERSION = YES;
				CLANG_WARN_OBJC_ROOT_CLASS = YES_ERROR;
				CLANG_WARN_QUOTED_INCLUDE_IN_FRAMEWORK_HEADER = YES;
				CLANG_WARN_RANGE_LOOP_ANALYSIS = YES;
				CLANG_WARN_STRICT_PROTOTYPES = YES;
				CLANG_WARN_SUSPICIOUS_MOVE = YES;
				CLANG_WARN_UNGUARDED_AVAILABILITY = YES_AGGRESSIVE;
				CLANG_WARN_UNREACHABLE_CODE = YES;
				CLANG_WARN__DUPLICATE_METHOD_MATCH = YES;
				COPY_PHASE_STRIP = NO;
				DEBUG_INFORMATION_FORMAT = dwarf;
				ENABLE_STRICT_OBJC_MSGSEND = YES;
				ENABLE_TESTABILITY = YES;
				GCC_C_LANGUAGE_STANDARD = gnu11;
				GCC_DYNAMIC_NO_PIC = NO;
				GCC_NO_COMMON_BLOCKS = YES;
				GCC_OPTIMIZATION_LEVEL = 0;
				GCC_PREPROCESSOR_DEFINITIONS = (
					"DEBUG=1",
					"$(inherited)",
				);
				GCC_WARN_64_TO_32_BIT_CONVERSION = YES;
				GCC_WARN_ABOUT_RETURN_TYPE = YES_ERROR;
				GCC_WARN_UNDECLARED_SELECTOR = YES;
				GCC_WARN_UNINITIALIZED_AUTOS = YES_AGGRESSIVE;
				GCC_WARN_UNUSED_FUNCTION = YES;
				GCC_WARN_UNUSED_VARIABLE = YES;
				IPHONEOS_DEPLOYMENT_TARGET = 16.4;
				MTL_ENABLE_DEBUG_INFO = INCLUDE_SOURCE;
				MTL_FAST_MATH = YES;
				ONLY_ACTIVE_ARCH = YES;
				SDKROOT = iphoneos;
				SWIFT_ACTIVE_COMPILATION_CONDITIONS = DEBUG;
				SWIFT_OPTIMIZATION_LEVEL = "-Onone";
			};
			name = Debug;
		};
		221922922B7FE23D007B0F41 /* Release */ = {
			isa = XCBuildConfiguration;
			buildSettings = {
				ALWAYS_SEARCH_USER_PATHS = NO;
				CLANG_ANALYZER_NONNULL = YES;
				CLANG_ANALYZER_NUMBER_OBJECT_CONVERSION = YES_AGGRESSIVE;
				CLANG_CXX_LANGUAGE_STANDARD = "gnu++20";
				CLANG_ENABLE_MODULES = YES;
				CLANG_ENABLE_OBJC_ARC = YES;
				CLANG_ENABLE_OBJC_WEAK = YES;
				CLANG_WARN_BLOCK_CAPTURE_AUTORELEASING = YES;
				CLANG_WARN_BOOL_CONVERSION = YES;
				CLANG_WARN_COMMA = YES;
				CLANG_WARN_CONSTANT_CONVERSION = YES;
				CLANG_WARN_DEPRECATED_OBJC_IMPLEMENTATIONS = YES;
				CLANG_WARN_DIRECT_OBJC_ISA_USAGE = YES_ERROR;
				CLANG_WARN_DOCUMENTATION_COMMENTS = YES;
				CLANG_WARN_EMPTY_BODY = YES;
				CLANG_WARN_ENUM_CONVERSION = YES;
				CLANG_WARN_INFINITE_RECURSION = YES;
				CLANG_WARN_INT_CONVERSION = YES;
				CLANG_WARN_NON_LITERAL_NULL_CONVERSION = YES;
				CLANG_WARN_OBJC_IMPLICIT_RETAIN_SELF = YES;
				CLANG_WARN_OBJC_LITERAL_CONVERSION = YES;
				CLANG_WARN_OBJC_ROOT_CLASS = YES_ERROR;
				CLANG_WARN_QUOTED_INCLUDE_IN_FRAMEWORK_HEADER = YES;
				CLANG_WARN_RANGE_LOOP_ANALYSIS = YES;
				CLANG_WARN_STRICT_PROTOTYPES = YES;
				CLANG_WARN_SUSPICIOUS_MOVE = YES;
				CLANG_WARN_UNGUARDED_AVAILABILITY = YES_AGGRESSIVE;
				CLANG_WARN_UNREACHABLE_CODE = YES;
				CLANG_WARN__DUPLICATE_METHOD_MATCH = YES;
				COPY_PHASE_STRIP = NO;
				DEBUG_INFORMATION_FORMAT = "dwarf-with-dsym";
				ENABLE_NS_ASSERTIONS = NO;
				ENABLE_STRICT_OBJC_MSGSEND = YES;
				GCC_C_LANGUAGE_STANDARD = gnu11;
				GCC_NO_COMMON_BLOCKS = YES;
				GCC_WARN_64_TO_32_BIT_CONVERSION = YES;
				GCC_WARN_ABOUT_RETURN_TYPE = YES_ERROR;
				GCC_WARN_UNDECLARED_SELECTOR = YES;
				GCC_WARN_UNINITIALIZED_AUTOS = YES_AGGRESSIVE;
				GCC_WARN_UNUSED_FUNCTION = YES;
				GCC_WARN_UNUSED_VARIABLE = YES;
				IPHONEOS_DEPLOYMENT_TARGET = 16.4;
				MTL_ENABLE_DEBUG_INFO = NO;
				MTL_FAST_MATH = YES;
				SDKROOT = iphoneos;
				SWIFT_COMPILATION_MODE = wholemodule;
				SWIFT_OPTIMIZATION_LEVEL = "-O";
				VALIDATE_PRODUCT = YES;
			};
			name = Release;
		};
		221922942B7FE23D007B0F41 /* Debug */ = {
			isa = XCBuildConfiguration;
			buildSettings = {
				ASSETCATALOG_COMPILER_APPICON_NAME = AppIcon;
				ASSETCATALOG_COMPILER_GLOBAL_ACCENT_COLOR_NAME = AccentColor;
				CODE_SIGN_STYLE = Automatic;
				CURRENT_PROJECT_VERSION = 1;
				DEVELOPMENT_TEAM = 689Q9C7S84;
				GENERATE_INFOPLIST_FILE = YES;
				INFOPLIST_FILE = MyGreetingApp/Info.plist;
				INFOPLIST_KEY_UIApplicationSupportsIndirectInputEvents = YES;
				INFOPLIST_KEY_UILaunchStoryboardName = LaunchScreen;
				INFOPLIST_KEY_UIMainStoryboardFile = Main;
				INFOPLIST_KEY_UISupportedInterfaceOrientations_iPad = "UIInterfaceOrientationPortrait UIInterfaceOrientationPortraitUpsideDown UIInterfaceOrientationLandscapeLeft UIInterfaceOrientationLandscapeRight";
				INFOPLIST_KEY_UISupportedInterfaceOrientations_iPhone = "UIInterfaceOrientationPortrait UIInterfaceOrientationLandscapeLeft UIInterfaceOrientationLandscapeRight";
				LD_RUNPATH_SEARCH_PATHS = (
					"$(inherited)",
					"@executable_path/Frameworks",
				);
				MARKETING_VERSION = 1.0;
				PRODUCT_BUNDLE_IDENTIFIER = gdr.MyGreetingApp;
				PRODUCT_NAME = "$(TARGET_NAME)";
				SWIFT_EMIT_LOC_STRINGS = YES;
				SWIFT_VERSION = 5.0;
				TARGETED_DEVICE_FAMILY = "1,2";
			};
			name = Debug;
		};
		221922952B7FE23D007B0F41 /* Release */ = {
			isa = XCBuildConfiguration;
			buildSettings = {
				ASSETCATALOG_COMPILER_APPICON_NAME = AppIcon;
				ASSETCATALOG_COMPILER_GLOBAL_ACCENT_COLOR_NAME = AccentColor;
				CODE_SIGN_STYLE = Automatic;
				CURRENT_PROJECT_VERSION = 1;
				DEVELOPMENT_TEAM = 689Q9C7S84;
				GENERATE_INFOPLIST_FILE = YES;
				INFOPLIST_FILE = MyGreetingApp/Info.plist;
				INFOPLIST_KEY_UIApplicationSupportsIndirectInputEvents = YES;
				INFOPLIST_KEY_UILaunchStoryboardName = LaunchScreen;
				INFOPLIST_KEY_UIMainStoryboardFile = Main;
				INFOPLIST_KEY_UISupportedInterfaceOrientations_iPad = "UIInterfaceOrientationPortrait UIInterfaceOrientationPortraitUpsideDown UIInterfaceOrientationLandscapeLeft UIInterfaceOrientationLandscapeRight";
				INFOPLIST_KEY_UISupportedInterfaceOrientations_iPhone = "UIInterfaceOrientationPortrait UIInterfaceOrientationLandscapeLeft UIInterfaceOrientationLandscapeRight";
				LD_RUNPATH_SEARCH_PATHS = (
					"$(inherited)",
					"@executable_path/Frameworks",
				);
				MARKETING_VERSION = 1.0;
				PRODUCT_BUNDLE_IDENTIFIER = gdr.MyGreetingApp;
				PRODUCT_NAME = "$(TARGET_NAME)";
				SWIFT_EMIT_LOC_STRINGS = YES;
				SWIFT_VERSION = 5.0;
				TARGETED_DEVICE_FAMILY = "1,2";
			};
			name = Release;
		};
/* End XCBuildConfiguration section */

/* Begin XCConfigurationList section */
		2219227A2B7FE23A007B0F41 /* Build configuration list for PBXProject "MyGreetingApp" */ = {
			isa = XCConfigurationList;
			buildConfigurations = (
				221922912B7FE23D007B0F41 /* Debug */,
				221922922B7FE23D007B0F41 /* Release */,
			);
			defaultConfigurationIsVisible = 0;
			defaultConfigurationName = Release;
		};
		221922932B7FE23D007B0F41 /* Build configuration list for PBXNativeTarget "MyGreetingApp" */ = {
			isa = XCConfigurationList;
			buildConfigurations = (
				221922942B7FE23D007B0F41 /* Debug */,
				221922952B7FE23D007B0F41 /* Release */,
			);
			defaultConfigurationIsVisible = 0;
			defaultConfigurationName = Release;
		};
/* End XCConfigurationList section */
	};
	rootObject = 221922772B7FE23A007B0F41 /* Project object */;
}
